<?xml version="1.0" encoding="utf-8"?>
<Project ToolsVersion="4.0" xmlns="http://schemas.microsoft.com/developer/msbuild/2003">
  <ItemGroup>
    <Filter Include="Source files">
      <UniqueIdentifier>{d5b506bc-00fd-4b17-abe5-5e7599cdd2f5}</UniqueIdentifier>
      <Extensions>cpp;c;cc;cxx;def;odl;idl;hpj;bat;asm;asmx</Extensions>
    </Filter>
    <Filter Include="Header files">
      <UniqueIdentifier>{19684894-6187-41ea-8222-8f57482a1aa4}</UniqueIdentifier>
      <Extensions>h;hpp;hxx;hm;inl;inc;xsd</Extensions>
    </Filter>
    <Filter Include="Resource files">
      <UniqueIdentifier>{18112245-e0be-46b6-99d1-00a6e3e0c459}</UniqueIdentifier>
      <Extensions>rc;ico;cur;bmp;dlg;rc2;rct;bin;rgs;gif;jpg;jpeg;jpe;resx;tiff;tif;png;wav</Extensions>
    </Filter>
    <Filter Include="Make files">
      <UniqueIdentifier>{7c127933-e6fe-451b-b765-75a1afe689a3}</UniqueIdentifier>
      <Extensions>*.mak</Extensions>
    </Filter>
    <Filter Include="VisualGDB settings">
      <UniqueIdentifier>{c40dc4cb-4670-4f15-9248-30021ba2a25d}</UniqueIdentifier>
      <Extensions>*.vgdbsettings</Extensions>
    </Filter>
  </ItemGroup>
  <ItemGroup>
    <ClCompile Include="main.cpp">
      <Filter>Source files</Filter>
    </ClCompile>
    <ClCompile Include="..\Common\cmmobj\log4cxx\Loging.cpp">
      <Filter>Source files</Filter>
    </ClCompile>
  </ItemGroup>
  <ItemGroup>
    <None Include="Makefile" />
    <None Include="release.mak">
      <Filter>Make files</Filter>
    </None>
    <None Include="TestAlg-Release.vgdbsettings">
      <Filter>VisualGDB settings</Filter>
    </None>
  </ItemGroup>
  <ItemGroup>
    <ClInclude Include="..\Common\cmmobj\log4cxx\Loging.h">
      <Filter>Header files</Filter>
    </ClInclude>
    <ClInclude Include="main.h">
      <Filter>Header files</Filter>
    </ClInclude>
  </ItemGroup>
</Project>