Microsoft Visual Studio Solution File, Format Version 12.00
# Visual Studio 14
VisualStudioVersion = 14.0.23107.0
MinimumVisualStudioVersion = 10.0.40219.1
Project("{8BC9CEB8-8B4A-11D0-8D11-00A0C91BC942}") = "TestAlg", "src\TestAlg\TestAlg.vcxproj", "{238470C6-2AD2-4216-9F9A-D2D79DFE6285}"
EndProject
Project("{8BC9CEB8-8B4A-11D0-8D11-00A0C91BC942}") = "VisionAlg", "src\VisionAlg\VisionAlg.vcxproj", "{C8990F14-6B0D-4311-8435-D91748255C60}"
	ProjectSection(ProjectDependencies) = postProject
		{A7DD8836-D10F-4804-9823-743E8318D87E} = {A7DD8836-D10F-4804-9823-743E8318D87E}
		{83FD2579-C162-4821-8609-65D545A58038} = {83FD2579-C162-4821-8609-65D545A58038}
		{03667085-5A72-457D-B4CA-2C9754D3F39A} = {03667085-5A72-457D-B4CA-2C9754D3F39A}
		{E9FDE2A3-0732-48B8-91FB-A71A2B0A815D} = {E9FDE2A3-0732-48B8-91FB-A71A2B0A815D}
	EndProjectSection
EndProject
Project("{2150E333-8FDC-42A3-9474-1A3956D46DE8}") = "AlgModule", "AlgModule", "{6F630F69-A29D-4032-8900-CB32E4441C0D}"
EndProject
Project("{2150E333-8FDC-42A3-9474-1A3956D46DE8}") = "ActionRecg", "ActionRecg", "{3DA45AA5-2973-4C43-BC56-2FC11F9788B8}"
EndProject
Project("{8BC9CEB8-8B4A-11D0-8D11-00A0C91BC942}") = "SlowFast", "src\AlgModule\ActionRecg\SlowFast\SlowFast.vcxproj", "{A7DD8836-D10F-4804-9823-743E8318D87E}"
EndProject
Project("{2150E333-8FDC-42A3-9474-1A3956D46DE8}") = "ObjDetect", "ObjDetect", "{46F40169-B56C-4FF7-BC16-DC00550D7CE2}"
EndProject
Project("{2150E333-8FDC-42A3-9474-1A3956D46DE8}") = "TargetTrack", "TargetTrack", "{E727E4F8-08C9-4295-86B2-63C10B1F1E76}"
EndProject
Project("{8BC9CEB8-8B4A-11D0-8D11-00A0C91BC942}") = "Yolov3", "src\AlgModule\ObjDetect\Yolov3\Yolov3.vcxproj", "{03667085-5A72-457D-B4CA-2C9754D3F39A}"
EndProject
Project("{8BC9CEB8-8B4A-11D0-8D11-00A0C91BC942}") = "DeepSort", "src\AlgModule\TargetTrack\DeepSort\DeepSort.vcxproj", "{E9FDE2A3-0732-48B8-91FB-A71A2B0A815D}"
EndProject
Project("{8BC9CEB8-8B4A-11D0-8D11-00A0C91BC942}") = "STPActionDetection", "src\AlgModule\ActionRecg\STPActionDetection\STPActionDetection.vcxproj", "{83FD2579-C162-4821-8609-65D545A58038}"
EndProject
Global
	GlobalSection(SolutionConfigurationPlatforms) = preSolution
		Release|x86 = Release|x86
	EndGlobalSection
	GlobalSection(ProjectConfigurationPlatforms) = postSolution
		{238470C6-2AD2-4216-9F9A-D2D79DFE6285}.Release|x86.ActiveCfg = Release|Win32
		{238470C6-2AD2-4216-9F9A-D2D79DFE6285}.Release|x86.Build.0 = Release|Win32
		{C8990F14-6B0D-4311-8435-D91748255C60}.Release|x86.ActiveCfg = Release|Win32
		{C8990F14-6B0D-4311-8435-D91748255C60}.Release|x86.Build.0 = Release|Win32
		{A7DD8836-D10F-4804-9823-743E8318D87E}.Release|x86.ActiveCfg = Release|Win32
		{A7DD8836-D10F-4804-9823-743E8318D87E}.Release|x86.Build.0 = Release|Win32
		{03667085-5A72-457D-B4CA-2C9754D3F39A}.Release|x86.ActiveCfg = Release|Win32
		{03667085-5A72-457D-B4CA-2C9754D3F39A}.Release|x86.Build.0 = Release|Win32
		{E9FDE2A3-0732-48B8-91FB-A71A2B0A815D}.Release|x86.ActiveCfg = Release|Win32
		{E9FDE2A3-0732-48B8-91FB-A71A2B0A815D}.Release|x86.Build.0 = Release|Win32
		{83FD2579-C162-4821-8609-65D545A58038}.Release|x86.ActiveCfg = Release|Win32
		{83FD2579-C162-4821-8609-65D545A58038}.Release|x86.Build.0 = Release|Win32
	EndGlobalSection
	GlobalSection(SolutionProperties) = preSolution
		HideSolutionNode = FALSE
	EndGlobalSection
	GlobalSection(NestedProjects) = preSolution
		{3DA45AA5-2973-4C43-BC56-2FC11F9788B8} = {6F630F69-A29D-4032-8900-CB32E4441C0D}
		{A7DD8836-D10F-4804-9823-743E8318D87E} = {3DA45AA5-2973-4C43-BC56-2FC11F9788B8}
		{46F40169-B56C-4FF7-BC16-DC00550D7CE2} = {6F630F69-A29D-4032-8900-CB32E4441C0D}
		{E727E4F8-08C9-4295-86B2-63C10B1F1E76} = {6F630F69-A29D-4032-8900-CB32E4441C0D}
		{03667085-5A72-457D-B4CA-2C9754D3F39A} = {46F40169-B56C-4FF7-BC16-DC00550D7CE2}
		{E9FDE2A3-0732-48B8-91FB-A71A2B0A815D} = {E727E4F8-08C9-4295-86B2-63C10B1F1E76}
		{83FD2579-C162-4821-8609-65D545A58038} = {3DA45AA5-2973-4C43-BC56-2FC11F9788B8}
	EndGlobalSection
EndGlobal
